<?xml version="1.0" encoding="utf-8"?>
<Project ToolsVersion="4.0" xmlns="http://schemas.microsoft.com/developer/msbuild/2003">
  <ItemGroup>
    <Filter Include="Source Files">
      <UniqueIdentifier>{4FC737F1-C7A5-4376-A066-2A32D752A2FF}</UniqueIdentifier>
      <Extensions>cpp;c;cc;cxx;def;odl;idl;hpj;bat;asm;asmx</Extensions>
    </Filter>
    <Filter Include="Header Files">
      <UniqueIdentifier>{93995380-89BD-4b04-88EB-625FBE52EBFB}</UniqueIdentifier>
      <Extensions>h;hpp;hxx;hm;inl;inc;xsd</Extensions>
    </Filter>
    <Filter Include="Resource Files">
      <UniqueIdentifier>{67DA6AB6-F800-4c08-8B7A-83BB121AAD01}</UniqueIdentifier>
      <Extensions>rc;ico;cur;bmp;dlg;rc2;rct;bin;rgs;gif;jpg;jpeg;jpe;resx;tiff;tif;png;wav;mfcribbon-ms</Extensions>
    </Filter>
    <Filter Include="Header Files\Genes">
      <UniqueIdentifier>{46c6bc3d-5faf-4efe-9ed9-b1e78c916a67}</UniqueIdentifier>
    </Filter>
    <Filter Include="Header Files\sPhysics">
      <UniqueIdentifier>{6b5bc3dd-cb9d-4b28-af80-6192fb54a7eb}</UniqueIdentifier>
    </Filter>
    <Filter Include="Header Files\sGraphics">
      <UniqueIdentifier>{12a55bda-7a44-4f7e-8620-539ef53e0bd5}</UniqueIdentifier>
    </Filter>
  </ItemGroup>
  <ItemGroup>
    <Text Include="ReadMe.txt" />
  </ItemGroup>
  <ItemGroup>
    <ClInclude Include="targetver.h">
      <Filter>Header Files</Filter>
    </ClInclude>
    <ClInclude Include="State.h">
      <Filter>Header Files</Filter>
    </ClInclude>
    <ClInclude Include="sPhysics\sBody.h">
      <Filter>Header Files\sPhysics</Filter>
    </ClInclude>
    <ClInclude Include="sPhysics\sCircle.h">
      <Filter>Header Files\sPhysics</Filter>
    </ClInclude>
    <ClInclude Include="sPhysics\sComposite.h">
      <Filter>Header Files\sPhysics</Filter>
    </ClInclude>
    <ClInclude Include="sPhysics\sConcavePolygon.h">
      <Filter>Header Files\sPhysics</Filter>
    </ClInclude>
    <ClInclude Include="sPhysics\sContainer.h">
      <Filter>Header Files\sPhysics</Filter>
    </ClInclude>
    <ClInclude Include="sPhysics\sConvexPolygon.h">
      <Filter>Header Files\sPhysics</Filter>
    </ClInclude>
    <ClInclude Include="sPhysics\sEdgeRectangle.h">
      <Filter>Header Files\sPhysics</Filter>
    </ClInclude>
    <ClInclude Include="sPhysics\sJoint.h">
      <Filter>Header Files\sPhysics</Filter>
    </ClInclude>
    <ClInclude Include="sPhysics\sObject.h">
      <Filter>Header Files\sPhysics</Filter>
    </ClInclude>
    <ClInclude Include="sPhysics\sPhysics.h">
      <Filter>Header Files\sPhysics</Filter>
    </ClInclude>
    <ClInclude Include="sPhysics\sRectangle.h">
      <Filter>Header Files\sPhysics</Filter>
    </ClInclude>
    <ClInclude Include="sPhysics\sWorld.h">
      <Filter>Header Files\sPhysics</Filter>
    </ClInclude>
    <ClInclude Include="sPhysics\sWheelJoint.h">
      <Filter>Header Files\sPhysics</Filter>
    </ClInclude>
    <ClInclude Include="sPhysics\sMouseJoint.h">
      <Filter>Header Files\sPhysics</Filter>
    </ClInclude>
    <ClInclude Include="sPhysics\sUniformBody.h">
      <Filter>Header Files\sPhysics</Filter>
    </ClInclude>
    <ClInclude Include="sGraphics\sDebugDraw.h">
      <Filter>Header Files\sGraphics</Filter>
    </ClInclude>
    <ClInclude Include="sPhysics\sChain.h">
      <Filter>Header Files</Filter>
    </ClInclude>
    <ClInclude Include="sEvolution\sGene.h">
      <Filter>Header Files\Genes</Filter>
    </ClInclude>
    <ClInclude Include="sEvolution\sGenome.h">
      <Filter>Header Files</Filter>
    </ClInclude>
    <ClInclude Include="sEvolution\sPopulation.h">
      <Filter>Header Files</Filter>
    </ClInclude>
    <ClInclude Include="sGraphics\sGeneGraph.h">
      <Filter>Header Files</Filter>
    </ClInclude>
    <ClInclude Include="sNeuralNet\sNeuralNet.h">
      <Filter>Header Files</Filter>
    </ClInclude>
    <ClInclude Include="sGraphics\sFitnessGraph.h">
      <Filter>Header Files</Filter>
    </ClInclude>
    <ClInclude Include="sEvolution\sSimulation.h">
      <Filter>Header Files</Filter>
    </ClInclude>
    <ClInclude Include="sEvolution\sPhenotype.h">
      <Filter>Header Files</Filter>
    </ClInclude>
    <ClInclude Include="sGraphics\sSimulationDisplay.h">
      <Filter>Header Files</Filter>
    </ClInclude>
    <ClInclude Include="sGraphics\sSimulationWindow.h">
      <Filter>Header Files</Filter>
    </ClInclude>
    <ClInclude Include="sUtils\perlin.h">
      <Filter>Header Files</Filter>
    </ClInclude>
    <ClInclude Include="sUtils\sRandom.h">
      <Filter>Header Files</Filter>
    </ClInclude>
    <ClInclude Include="sPhysics\sRevoluteJoint.h">
      <Filter>Header Files</Filter>
    </ClInclude>
    <ClInclude Include="sGraphics\sPopulationGeneticsDisplay.h">
      <Filter>Header Files</Filter>
    </ClInclude>
    <ClInclude Include="sUtils\sMath.h">
      <Filter>Header Files</Filter>
    </ClInclude>
    <ClInclude Include="sGraphics\sText.h">
      <Filter>Header Files</Filter>
    </ClInclude>
    <ClInclude Include="sNeuralNet\sNeuralNetAnalyser.h">
      <Filter>Header Files</Filter>
    </ClInclude>
    <ClInclude Include="Sims\Phenotypes\Biped.h">
      <Filter>Header Files</Filter>
    </ClInclude>
    <ClInclude Include="Sims\Phenotypes\Car.h">
      <Filter>Header Files</Filter>
    </ClInclude>
    <ClInclude Include="Sims\Phenotypes\TetraPod.h">
      <Filter>Header Files</Filter>
    </ClInclude>
    <ClInclude Include="Sims\Phenotypes\TopDownCar.h">
      <Filter>Header Files</Filter>
    </ClInclude>
    <ClInclude Include="Sims\Phenotypes\Worm.h">
      <Filter>Header Files</Filter>
    </ClInclude>
    <ClInclude Include="Sims\Phenotypes\WormSegment.h">
      <Filter>Header Files</Filter>
    </ClInclude>
    <ClInclude Include="Sims\Phenotypes\CircleBalance.h">
      <Filter>Header Files</Filter>
    </ClInclude>
    <ClInclude Include="Sims\Phenotypes\PoleCart.h">
      <Filter>Header Files</Filter>
    </ClInclude>
    <ClInclude Include="Sims\Environments\RaceTrack.h">
      <Filter>Header Files</Filter>
    </ClInclude>
    <ClInclude Include="Sims\TopDownRaceSimulation.h">
      <Filter>Header Files</Filter>
    </ClInclude>
    <ClInclude Include="Sims\PoleBalanceSimulation.h">
      <Filter>Header Files</Filter>
    </ClInclude>
    <ClInclude Include="Sims\RaceSimulation.h">
      <Filter>Header Files</Filter>
    </ClInclude>
    <ClInclude Include="Sims\Shooter.h">
      <Filter>Header Files</Filter>
    </ClInclude>
    <ClInclude Include="Sims\SwarmSimulation.h">
      <Filter>Header Files</Filter>
    </ClInclude>
    <ClInclude Include="sGraphics\sNeuralNetDisplay.h">
      <Filter>Header Files\sGraphics</Filter>
    </ClInclude>
    <ClInclude Include="resource.h">
      <Filter>Header Files</Filter>
    </ClInclude>
  </ItemGroup>
  <ItemGroup>
    <ClCompile Include="sPhysics\sJoint.cpp">
      <Filter>Source Files</Filter>
    </ClCompile>
    <ClCompile Include="sPhysics\sBody.cpp">
      <Filter>Source Files</Filter>
    </ClCompile>
    <ClCompile Include="sGraphics\sDebugDraw.cpp">
      <Filter>Source Files</Filter>
    </ClCompile>
    <ClCompile Include="sPhysics\sWorld.cpp">
      <Filter>Source Files</Filter>
    </ClCompile>
    <ClCompile Include="sUtils\perlin.cpp">
      <Filter>Source Files</Filter>
    </ClCompile>
    <ClCompile Include="sPhysics\sContainer.cpp">
      <Filter>Source Files</Filter>
    </ClCompile>
    <ClCompile Include="NeuroEvolution.cpp">
      <Filter>Source Files</Filter>
    </ClCompile>
  </ItemGroup>
  <ItemGroup>
    <Font Include="Fonts\consolaz.ttf" />
    <Font Include="Fonts\consola.ttf" />
    <Font Include="Fonts\consolab.ttf" />
    <Font Include="Fonts\consolai.ttf" />
  </ItemGroup>
  <ItemGroup>
    <None Include=".gitignore" />
    <None Include=".gitattributes" />
  </ItemGroup>
  <ItemGroup>
    <ResourceCompile Include="NeuroEvolution.rc">
      <Filter>Resource Files</Filter>
    </ResourceCompile>
  </ItemGroup>
</Project>